
Microsoft Visual Studio Solution File, Format Version 12.00
# Visual Studio 15
VisualStudioVersion = 15.0.27130.2010
MinimumVisualStudioVersion = 10.0.40219.1
Project("{9A19103F-16F7-4668-BE54-9A1E7A4F7556}") = "TelegramBot", "TelegramBot\TelegramBot.csproj", "{3F220802-DFF4-46AD-BF45-696F107A33F8}"
EndProject
Project("{FAE04EC0-301F-11D3-BF4B-00C04F79EFBC}") = "TelegramBot.Infrastucture", "TelegramBot.Infrastucture\TelegramBot.Infrastucture.csproj", "{3A46B73E-0269-4691-A322-95F409874884}"
EndProject
Project("{FAE04EC0-301F-11D3-BF4B-00C04F79EFBC}") = "TelegramBot.Core", "TelegramBot.Core\TelegramBot.Core.csproj", "{5353B45E-B7E6-4526-BD74-D560CE9FC301}"
EndProject
Global
	GlobalSection(SolutionConfigurationPlatforms) = preSolution
		Debug|Any CPU = Debug|Any CPU
		Release|Any CPU = Release|Any CPU
	EndGlobalSection
	GlobalSection(ProjectConfigurationPlatforms) = postSolution
		{3F220802-DFF4-46AD-BF45-696F107A33F8}.Debug|Any CPU.ActiveCfg = Debug|Any CPU
		{3F220802-DFF4-46AD-BF45-696F107A33F8}.Debug|Any CPU.Build.0 = Debug|Any CPU
		{3F220802-DFF4-46AD-BF45-696F107A33F8}.Release|Any CPU.ActiveCfg = Release|Any CPU
		{3F220802-DFF4-46AD-BF45-696F107A33F8}.Release|Any CPU.Build.0 = Release|Any CPU
		{3A46B73E-0269-4691-A322-95F409874884}.Debug|Any CPU.ActiveCfg = Debug|Any CPU
		{3A46B73E-0269-4691-A322-95F409874884}.Debug|Any CPU.Build.0 = Debug|Any CPU
		{3A46B73E-0269-4691-A322-95F409874884}.Release|Any CPU.ActiveCfg = Release|Any CPU
		{3A46B73E-0269-4691-A322-95F409874884}.Release|Any CPU.Build.0 = Release|Any CPU
		{5353B45E-B7E6-4526-BD74-D560CE9FC301}.Debug|Any CPU.ActiveCfg = Debug|Any CPU
		{5353B45E-B7E6-4526-BD74-D560CE9FC301}.Debug|Any CPU.Build.0 = Debug|Any CPU
		{5353B45E-B7E6-4526-BD74-D560CE9FC301}.Release|Any CPU.ActiveCfg = Release|Any CPU
		{5353B45E-B7E6-4526-BD74-D560CE9FC301}.Release|Any CPU.Build.0 = Release|Any CPU
	EndGlobalSection
	GlobalSection(SolutionProperties) = preSolution
		HideSolutionNode = FALSE
	EndGlobalSection
	GlobalSection(ExtensibilityGlobals) = postSolution
		SolutionGuid = {A24540B4-9F1C-4037-8441-9AAFDA48BCD6}
	EndGlobalSection
EndGlobal
